{
  "name": "@herschel666/tgif",
  "version": "1.0.0",
  "lockfileVersion": 1,
  "requires": true,
  "dependencies": {
    "lodash.sample": {
      "version": "4.2.1",
      "resolved": "https://registry.npmjs.org/lodash.sample/-/lodash.sample-4.2.1.tgz",
      "integrity": "sha512-odCZufa8jYDBZQ+JOSePWRs+iApPdvIp3qAiKc9F22RdSCMLuUu60Jvgs2M6qMisKAeBZoumAkqDiGr9HDym/Q=="
    }
  }
}
